
Microsoft Visual Studio Solution File, Format Version 12.00
# Visual Studio Version 16
VisualStudioVersion = 16.0.29709.97
MinimumVisualStudioVersion = 10.0.40219.1
Project("{FAE04EC0-301F-11D3-BF4B-00C04F79EFBC}") = "BookListRazor", "BookListRazor\BookListRazor.csproj", "{6E359799-CA22-4AC1-9816-E7289CB86565}"
EndProject
Global
	GlobalSection(SolutionConfigurationPlatforms) = preSolution
		Debug|Any CPU = Debug|Any CPU
		Release|Any CPU = Release|Any CPU
	EndGlobalSection
	GlobalSection(ProjectConfigurationPlatforms) = postSolution
		{6E359799-CA22-4AC1-9816-E7289CB86565}.Debug|Any CPU.ActiveCfg = Debug|Any CPU
		{6E359799-CA22-4AC1-9816-E7289CB86565}.Debug|Any CPU.Build.0 = Debug|Any CPU
		{6E359799-CA22-4AC1-9816-E7289CB86565}.Release|Any CPU.ActiveCfg = Release|Any CPU
		{6E359799-CA22-4AC1-9816-E7289CB86565}.Release|Any CPU.Build.0 = Release|Any CPU
	EndGlobalSection
	GlobalSection(SolutionProperties) = preSolution
		HideSolutionNode = FALSE
	EndGlobalSection
	GlobalSection(ExtensibilityGlobals) = postSolution
		SolutionGuid = {224DDF9E-F36F-4FEA-ABC6-8690BC50135B}
	EndGlobalSection
EndGlobal
